
Microsoft Visual Studio Solution File, Format Version 12.00
# Visual Studio Version 17
VisualStudioVersion = 17.14.36511.14 d17.14
MinimumVisualStudioVersion = 10.0.40219.1
Project("{2150E333-8FDC-42A3-9474-1A3956D46DE8}") = "Task0", "Task0", "{02EA681E-C7D8-13C7-8484-4AC65E1B71E8}"
EndProject
Project("{FAE04EC0-301F-11D3-BF4B-00C04F79EFBC}") = "Tyuiu.ChirchenkoME.Sprint4.Task0.V26", "Tyuiu.ChirchenkoME.Sprint4.Task0.V26\Tyuiu.ChirchenkoME.Sprint4.Task0.V26.csproj", "{B15A40A7-8101-45BE-BF9B-7285B64B5DEB}"
EndProject
Project("{FAE04EC0-301F-11D3-BF4B-00C04F79EFBC}") = "Tyuiu.ChirchenkoME.Sprint4.Task0.V26.Lib", "Tyuiu.ChirchenkoME.Sprint4.Task0.V26.Lib\Tyuiu.ChirchenkoME.Sprint4.Task0.V26.Lib.csproj", "{58E0D7C1-EBF3-4433-8CDB-F4B7258C6723}"
EndProject
Project("{FAE04EC0-301F-11D3-BF4B-00C04F79EFBC}") = "Tyuiu.ChirchenkoME.Sprint4.Task0.V26.Test", "Tyuiu.ChirchenkoME.Sprint4.Task0.V26.Test\Tyuiu.ChirchenkoME.Sprint4.Task0.V26.Test.csproj", "{C881CB0A-9490-4252-B236-7D06A42F3AB8}"
EndProject
Project("{2150E333-8FDC-42A3-9474-1A3956D46DE8}") = "Task1", "Task1", "{5E62B53F-C75A-4093-A733-2B82FFEFB614}"
EndProject
Project("{FAE04EC0-301F-11D3-BF4B-00C04F79EFBC}") = "Tyuiu.ChirchenkoME.Sprint4.Task1.V21", "Tyuiu.ChirchenkoME.Sprint4.Task1.V21\Tyuiu.ChirchenkoME.Sprint4.Task1.V21.csproj", "{3A629E8C-2AA2-4CC7-8931-E762F46F32ED}"
EndProject
Project("{FAE04EC0-301F-11D3-BF4B-00C04F79EFBC}") = "Tyuiu.ChirchenkoME.Sprint4.Task1.V21.Lib", "Tyuiu.ChirchenkoME.Sprint4.Task1.V21.Lib\Tyuiu.ChirchenkoME.Sprint4.Task1.V21.Lib.csproj", "{2BF3307A-8215-4163-AC25-CCA91FAAF647}"
EndProject
Project("{FAE04EC0-301F-11D3-BF4B-00C04F79EFBC}") = "Tyuiu.ChirchenkoME.Sprint4.Task1.V21.Test", "Tyuiu.ChirchenkoME.Sprint4.Task1.V21.Test\Tyuiu.ChirchenkoME.Sprint4.Task1.V21.Test.csproj", "{0C27B372-5A46-4B41-9BF6-F513FE570C1B}"
EndProject
Project("{2150E333-8FDC-42A3-9474-1A3956D46DE8}") = "Task2", "Task2", "{B8EEC250-B4C2-4983-B24A-CE701C2F7D92}"
EndProject
Project("{FAE04EC0-301F-11D3-BF4B-00C04F79EFBC}") = "Tyuiu.ChirchenkoME.Sprint4.Task2.V24", "Tyuiu.ChirchenkoME.Sprint4.Task2.V24\Tyuiu.ChirchenkoME.Sprint4.Task2.V24.csproj", "{4651D6CE-07F8-4D08-92B1-DA65B83E0CE3}"
EndProject
Project("{FAE04EC0-301F-11D3-BF4B-00C04F79EFBC}") = "Tyuiu.ChirchenkoME.Sprint4.Task2.V24.Lib", "Tyuiu.ChirchenkoME.Sprint4.Task2.V24.Lib\Tyuiu.ChirchenkoME.Sprint4.Task2.V24.Lib.csproj", "{762AB02A-6A0E-42DA-9189-190E92A594EA}"
EndProject
Project("{FAE04EC0-301F-11D3-BF4B-00C04F79EFBC}") = "Tyuiu.ChirchenkoME.Sprint4.Task2.V24.Test", "Tyuiu.ChirchenkoME.Sprint4.Task2.V24.Test\Tyuiu.ChirchenkoME.Sprint4.Task2.V24.Test.csproj", "{DB2D6A33-35F0-4CD0-BE6E-A8780AB6862D}"
EndProject
Global
	GlobalSection(SolutionConfigurationPlatforms) = preSolution
		Debug|Any CPU = Debug|Any CPU
		Release|Any CPU = Release|Any CPU
	EndGlobalSection
	GlobalSection(ProjectConfigurationPlatforms) = postSolution
		{B15A40A7-8101-45BE-BF9B-7285B64B5DEB}.Debug|Any CPU.ActiveCfg = Debug|Any CPU
		{B15A40A7-8101-45BE-BF9B-7285B64B5DEB}.Debug|Any CPU.Build.0 = Debug|Any CPU
		{B15A40A7-8101-45BE-BF9B-7285B64B5DEB}.Release|Any CPU.ActiveCfg = Release|Any CPU
		{B15A40A7-8101-45BE-BF9B-7285B64B5DEB}.Release|Any CPU.Build.0 = Release|Any CPU
		{58E0D7C1-EBF3-4433-8CDB-F4B7258C6723}.Debug|Any CPU.ActiveCfg = Debug|Any CPU
		{58E0D7C1-EBF3-4433-8CDB-F4B7258C6723}.Debug|Any CPU.Build.0 = Debug|Any CPU
		{58E0D7C1-EBF3-4433-8CDB-F4B7258C6723}.Release|Any CPU.ActiveCfg = Release|Any CPU
		{58E0D7C1-EBF3-4433-8CDB-F4B7258C6723}.Release|Any CPU.Build.0 = Release|Any CPU
		{C881CB0A-9490-4252-B236-7D06A42F3AB8}.Debug|Any CPU.ActiveCfg = Debug|Any CPU
		{C881CB0A-9490-4252-B236-7D06A42F3AB8}.Debug|Any CPU.Build.0 = Debug|Any CPU
		{C881CB0A-9490-4252-B236-7D06A42F3AB8}.Release|Any CPU.ActiveCfg = Release|Any CPU
		{C881CB0A-9490-4252-B236-7D06A42F3AB8}.Release|Any CPU.Build.0 = Release|Any CPU
		{3A629E8C-2AA2-4CC7-8931-E762F46F32ED}.Debug|Any CPU.ActiveCfg = Debug|Any CPU
		{3A629E8C-2AA2-4CC7-8931-E762F46F32ED}.Debug|Any CPU.Build.0 = Debug|Any CPU
		{3A629E8C-2AA2-4CC7-8931-E762F46F32ED}.Release|Any CPU.ActiveCfg = Release|Any CPU
		{3A629E8C-2AA2-4CC7-8931-E762F46F32ED}.Release|Any CPU.Build.0 = Release|Any CPU
		{2BF3307A-8215-4163-AC25-CCA91FAAF647}.Debug|Any CPU.ActiveCfg = Debug|Any CPU
		{2BF3307A-8215-4163-AC25-CCA91FAAF647}.Debug|Any CPU.Build.0 = Debug|Any CPU
		{2BF3307A-8215-4163-AC25-CCA91FAAF647}.Release|Any CPU.ActiveCfg = Release|Any CPU
		{2BF3307A-8215-4163-AC25-CCA91FAAF647}.Release|Any CPU.Build.0 = Release|Any CPU
		{0C27B372-5A46-4B41-9BF6-F513FE570C1B}.Debug|Any CPU.ActiveCfg = Debug|Any CPU
		{0C27B372-5A46-4B41-9BF6-F513FE570C1B}.Debug|Any CPU.Build.0 = Debug|Any CPU
		{0C27B372-5A46-4B41-9BF6-F513FE570C1B}.Release|Any CPU.ActiveCfg = Release|Any CPU
		{0C27B372-5A46-4B41-9BF6-F513FE570C1B}.Release|Any CPU.Build.0 = Release|Any CPU
		{4651D6CE-07F8-4D08-92B1-DA65B83E0CE3}.Debug|Any CPU.ActiveCfg = Debug|Any CPU
		{4651D6CE-07F8-4D08-92B1-DA65B83E0CE3}.Debug|Any CPU.Build.0 = Debug|Any CPU
		{4651D6CE-07F8-4D08-92B1-DA65B83E0CE3}.Release|Any CPU.ActiveCfg = Release|Any CPU
		{4651D6CE-07F8-4D08-92B1-DA65B83E0CE3}.Release|Any CPU.Build.0 = Release|Any CPU
		{762AB02A-6A0E-42DA-9189-190E92A594EA}.Debug|Any CPU.ActiveCfg = Debug|Any CPU
		{762AB02A-6A0E-42DA-9189-190E92A594EA}.Debug|Any CPU.Build.0 = Debug|Any CPU
		{762AB02A-6A0E-42DA-9189-190E92A594EA}.Release|Any CPU.ActiveCfg = Release|Any CPU
		{762AB02A-6A0E-42DA-9189-190E92A594EA}.Release|Any CPU.Build.0 = Release|Any CPU
		{DB2D6A33-35F0-4CD0-BE6E-A8780AB6862D}.Debug|Any CPU.ActiveCfg = Debug|Any CPU
		{DB2D6A33-35F0-4CD0-BE6E-A8780AB6862D}.Debug|Any CPU.Build.0 = Debug|Any CPU
		{DB2D6A33-35F0-4CD0-BE6E-A8780AB6862D}.Release|Any CPU.ActiveCfg = Release|Any CPU
		{DB2D6A33-35F0-4CD0-BE6E-A8780AB6862D}.Release|Any CPU.Build.0 = Release|Any CPU
	EndGlobalSection
	GlobalSection(SolutionProperties) = preSolution
		HideSolutionNode = FALSE
	EndGlobalSection
	GlobalSection(NestedProjects) = preSolution
		{B15A40A7-8101-45BE-BF9B-7285B64B5DEB} = {02EA681E-C7D8-13C7-8484-4AC65E1B71E8}
		{58E0D7C1-EBF3-4433-8CDB-F4B7258C6723} = {02EA681E-C7D8-13C7-8484-4AC65E1B71E8}
		{C881CB0A-9490-4252-B236-7D06A42F3AB8} = {02EA681E-C7D8-13C7-8484-4AC65E1B71E8}
		{3A629E8C-2AA2-4CC7-8931-E762F46F32ED} = {5E62B53F-C75A-4093-A733-2B82FFEFB614}
		{2BF3307A-8215-4163-AC25-CCA91FAAF647} = {5E62B53F-C75A-4093-A733-2B82FFEFB614}
		{0C27B372-5A46-4B41-9BF6-F513FE570C1B} = {5E62B53F-C75A-4093-A733-2B82FFEFB614}
		{4651D6CE-07F8-4D08-92B1-DA65B83E0CE3} = {B8EEC250-B4C2-4983-B24A-CE701C2F7D92}
		{762AB02A-6A0E-42DA-9189-190E92A594EA} = {B8EEC250-B4C2-4983-B24A-CE701C2F7D92}
		{DB2D6A33-35F0-4CD0-BE6E-A8780AB6862D} = {B8EEC250-B4C2-4983-B24A-CE701C2F7D92}
	EndGlobalSection
	GlobalSection(ExtensibilityGlobals) = postSolution
		SolutionGuid = {FEEB31BE-21E2-4518-81E8-EDBB751AA3F4}
	EndGlobalSection
EndGlobal
